{
  "version": 4,
  "terraform_version": "1.7.1",
  "serial": 53,
  "lineage": "7041bfc3-596e-5602-ae85-1bb4ded32ad0",
  "outputs": {},
  "resources": [
    {
      "mode": "managed",
      "type": "github_repository",
      "name": "kanban",
      "provider": "provider[\"registry.terraform.io/integrations/github\"]",
      "instances": [
        {
          "schema_version": 1,
          "attributes": {
            "allow_auto_merge": false,
            "allow_merge_commit": true,
            "allow_rebase_merge": true,
            "allow_squash_merge": true,
            "allow_update_branch": false,
            "archive_on_destroy": null,
            "archived": false,
            "auto_init": true,
            "default_branch": "main",
            "delete_branch_on_merge": true,
            "description": "Taking the BEAM to production pragmatically.",
            "etag": "W/\"ba23b320738c4372df787d0b6a93289c17afaba38f6d7af8c515b1a1f51e0276\"",
            "full_name": "treejamie/kanban",
            "git_clone_url": "git://github.com/treejamie/kanban.git",
            "gitignore_template": "Terraform",
            "has_discussions": false,
            "has_downloads": false,
            "has_issues": true,
            "has_projects": false,
            "has_wiki": false,
            "homepage_url": "",
            "html_url": "https://github.com/treejamie/kanban",
            "http_clone_url": "https://github.com/treejamie/kanban.git",
            "id": "kanban",
            "ignore_vulnerability_alerts_during_read": null,
            "is_template": false,
            "license_template": null,
            "merge_commit_message": "PR_TITLE",
            "merge_commit_title": "MERGE_MESSAGE",
            "name": "kanban",
            "node_id": "R_kgDOOmQxoA",
            "pages": [],
            "primary_language": "",
            "private": false,
            "repo_id": 979644832,
            "security_and_analysis": [
              {
                "advanced_security": [],
                "secret_scanning": [
                  {
                    "status": "disabled"
                  }
                ],
                "secret_scanning_push_protection": [
                  {
                    "status": "disabled"
                  }
                ]
              }
            ],
            "squash_merge_commit_message": "COMMIT_MESSAGES",
            "squash_merge_commit_title": "COMMIT_OR_PR_TITLE",
            "ssh_clone_url": "git@github.com:treejamie/kanban.git",
            "svn_url": "https://github.com/treejamie/kanban",
            "template": [],
            "topics": [],
            "visibility": "public",
            "vulnerability_alerts": false
          },
          "sensitive_attributes": [],
          "private": "eyJzY2hlbWFfdmVyc2lvbiI6IjEifQ=="
        }
      ]
    }
  ],
  "check_results": null
}
